{
  "nodes": {
    "nixpkgs": {
      "locked": {
        "lastModified": 1779278688,
        "narHash": "sha256-Ps4KL3BN29bc9x/qVYrHWhG1wDMVWGog64Q6UA8VUt0=",
        "owner": "NixOS",
        "repo": "nixpkgs",
        "rev": "e807f660df70bbd770aac0704ce12cfdec74a7ef",
        "type": "github"
      },
      "original": {
        "owner": "NixOS",
        "repo": "nixpkgs",
        "type": "github"
      }
    },
    "root": {
      "inputs": {
        "nixpkgs": "nixpkgs"
      }
    }
  },
  "root": "root",
  "version": 7
}
